{
  "name": "acorex-spa",
  "version": "1.0.0",
  "lockfileVersion": 1,
  "requires": true,
  "dependencies": {
    "@angular/common": {
      "version": "7.2.15",
      "resolved": "https://registry.npmjs.org/@angular/common/-/common-7.2.15.tgz",
      "integrity": "sha512-2b5JY2HWVHCf3D1GZjmde7jdAXSTXkYtmjLtA9tQkjOOTr80eHpNSujQqnzb97dk9VT9OjfjqTQd7K3pxZz8jw==",
      "requires": {
        "tslib": "^1.9.0"
      }
    },
    "@angular/core": {
      "version": "7.2.15",
      "resolved": "https://registry.npmjs.org/@angular/core/-/core-7.2.15.tgz",
      "integrity": "sha512-XsuYm0jEU/mOqwDOk2utThv8J9kESkAerfuCHClE9rB2TtHUOGCfekF7lJWqjjypu6/J9ygoPFo7hdAE058ZGg==",
      "requires": {
        "tslib": "^1.9.0"
      }
    },
    "@angular/router": {
      "version": "7.2.15",
      "resolved": "https://registry.npmjs.org/@angular/router/-/router-7.2.15.tgz",
      "integrity": "sha512-qAubRJRQanguUqJQ76J9GSZ4JFtoyhJKRmX5P23ANZJXpB6YLzF2fJmOGi+E6cV8F0tKBMEq1pjxFTisx0MXwQ==",
      "requires": {
        "tslib": "^1.9.0"
      }
    },
    "angular-gridster2": {
      "version": "7.2.0",
      "resolved": "https://registry.npmjs.org/angular-gridster2/-/angular-gridster2-7.2.0.tgz",
      "integrity": "sha512-5HkvJbwR1Gu/MZJFBuSc06w0fGhVctr8zV/vhHd/bxDNrVTLxH62TOfImmkqFNa0+Lb1I6v3/YMN/MAnIMRUHg==",
      "requires": {
        "tslib": "^1.9.0"
      }
    },
    "tslib": {
      "version": "1.9.3",
      "resolved": "https://registry.npmjs.org/tslib/-/tslib-1.9.3.tgz",
      "integrity": "sha512-4krF8scpejhaOgqzBEcGM7yDIEfi0/8+8zDRZhNZZ2kjmHJ4hv3zCbQWxoJGz1iw5U0Jl0nma13xzHXcncMavQ=="
    }
  }
}
